
Microsoft Visual Studio Solution File, Format Version 12.00
# Visual Studio 14
VisualStudioVersion = 14.0.25420.1
MinimumVisualStudioVersion = 10.0.40219.1
Project("{FAE04EC0-301F-11D3-BF4B-00C04F79EFBC}") = "SuperBodyInfomation", "SuperBodyInfomation\SuperBodyInfomation.csproj", "{F2755E97-2C12-4CC3-A870-542ADE6C8D72}"
EndProject
Project("{2150E333-8FDC-42A3-9474-1A3956D46DE8}") = "EFModels", "EFModels", "{164F983D-AB68-450F-9DBD-7089AA60EBC6}"
EndProject
Project("{FAE04EC0-301F-11D3-BF4B-00C04F79EFBC}") = "SBIModel", "SBIModel\SBIModel.csproj", "{B30212DD-0D50-42F2-B028-1B90A624AC63}"
EndProject
Project("{FAE04EC0-301F-11D3-BF4B-00C04F79EFBC}") = "Com.Alipay", "Com.Alipiay\Com.Alipay.csproj", "{31D0E65B-DDD8-4725-A621-B040EF699AF9}"
EndProject
Project("{FAE04EC0-301F-11D3-BF4B-00C04F79EFBC}") = "MvcPager", "MvcPager\MvcPager.csproj", "{EB54AA5A-1F91-4FDD-8E36-75EA8BE6CE7D}"
EndProject
Project("{FAE04EC0-301F-11D3-BF4B-00C04F79EFBC}") = "Tests", "Tests\Tests.csproj", "{91080B7D-20F3-428F-8ACA-BCED196E5A3D}"
EndProject
Project("{FAE04EC0-301F-11D3-BF4B-00C04F79EFBC}") = "Test", "Test\Test.csproj", "{0DBD6414-6DB2-404C-BB13-56D3B5F61A52}"
EndProject
Project("{FAE04EC0-301F-11D3-BF4B-00C04F79EFBC}") = "Shopping", "Shopping\Shopping.csproj", "{7A677329-D71E-4F7F-BB26-ED2268DA1987}"
EndProject
Project("{FAE04EC0-301F-11D3-BF4B-00C04F79EFBC}") = "CMSManage", "CMSManage\CMSManage.csproj", "{EE1CF868-FB5A-4097-BC33-83D4E43379BE}"
EndProject
Project("{FAE04EC0-301F-11D3-BF4B-00C04F79EFBC}") = "CTModel", "CTModel\CTModel.csproj", "{D68ADDE4-54B2-4CE6-B614-C3D200989FEA}"
EndProject
Project("{FAE04EC0-301F-11D3-BF4B-00C04F79EFBC}") = "CTCommon", "CTCommon\CTCommon.csproj", "{CF57AE4F-A956-4718-BCC7-DF3F1ECC341F}"
EndProject
Global
	GlobalSection(SolutionConfigurationPlatforms) = preSolution
		Debug|Any CPU = Debug|Any CPU
		Release|Any CPU = Release|Any CPU
	EndGlobalSection
	GlobalSection(ProjectConfigurationPlatforms) = postSolution
		{F2755E97-2C12-4CC3-A870-542ADE6C8D72}.Debug|Any CPU.ActiveCfg = Debug|Any CPU
		{F2755E97-2C12-4CC3-A870-542ADE6C8D72}.Debug|Any CPU.Build.0 = Debug|Any CPU
		{F2755E97-2C12-4CC3-A870-542ADE6C8D72}.Release|Any CPU.ActiveCfg = Release|Any CPU
		{F2755E97-2C12-4CC3-A870-542ADE6C8D72}.Release|Any CPU.Build.0 = Release|Any CPU
		{B30212DD-0D50-42F2-B028-1B90A624AC63}.Debug|Any CPU.ActiveCfg = Debug|Any CPU
		{B30212DD-0D50-42F2-B028-1B90A624AC63}.Debug|Any CPU.Build.0 = Debug|Any CPU
		{B30212DD-0D50-42F2-B028-1B90A624AC63}.Release|Any CPU.ActiveCfg = Release|Any CPU
		{B30212DD-0D50-42F2-B028-1B90A624AC63}.Release|Any CPU.Build.0 = Release|Any CPU
		{31D0E65B-DDD8-4725-A621-B040EF699AF9}.Debug|Any CPU.ActiveCfg = Debug|Any CPU
		{31D0E65B-DDD8-4725-A621-B040EF699AF9}.Debug|Any CPU.Build.0 = Debug|Any CPU
		{31D0E65B-DDD8-4725-A621-B040EF699AF9}.Release|Any CPU.ActiveCfg = Release|Any CPU
		{31D0E65B-DDD8-4725-A621-B040EF699AF9}.Release|Any CPU.Build.0 = Release|Any CPU
		{EB54AA5A-1F91-4FDD-8E36-75EA8BE6CE7D}.Debug|Any CPU.ActiveCfg = Debug|Any CPU
		{EB54AA5A-1F91-4FDD-8E36-75EA8BE6CE7D}.Debug|Any CPU.Build.0 = Debug|Any CPU
		{EB54AA5A-1F91-4FDD-8E36-75EA8BE6CE7D}.Release|Any CPU.ActiveCfg = Release|Any CPU
		{EB54AA5A-1F91-4FDD-8E36-75EA8BE6CE7D}.Release|Any CPU.Build.0 = Release|Any CPU
		{91080B7D-20F3-428F-8ACA-BCED196E5A3D}.Debug|Any CPU.ActiveCfg = Debug|Any CPU
		{91080B7D-20F3-428F-8ACA-BCED196E5A3D}.Debug|Any CPU.Build.0 = Debug|Any CPU
		{91080B7D-20F3-428F-8ACA-BCED196E5A3D}.Release|Any CPU.ActiveCfg = Release|Any CPU
		{91080B7D-20F3-428F-8ACA-BCED196E5A3D}.Release|Any CPU.Build.0 = Release|Any CPU
		{0DBD6414-6DB2-404C-BB13-56D3B5F61A52}.Debug|Any CPU.ActiveCfg = Debug|Any CPU
		{0DBD6414-6DB2-404C-BB13-56D3B5F61A52}.Debug|Any CPU.Build.0 = Debug|Any CPU
		{0DBD6414-6DB2-404C-BB13-56D3B5F61A52}.Release|Any CPU.ActiveCfg = Release|Any CPU
		{0DBD6414-6DB2-404C-BB13-56D3B5F61A52}.Release|Any CPU.Build.0 = Release|Any CPU
		{7A677329-D71E-4F7F-BB26-ED2268DA1987}.Debug|Any CPU.ActiveCfg = Debug|Any CPU
		{7A677329-D71E-4F7F-BB26-ED2268DA1987}.Debug|Any CPU.Build.0 = Debug|Any CPU
		{7A677329-D71E-4F7F-BB26-ED2268DA1987}.Release|Any CPU.ActiveCfg = Release|Any CPU
		{7A677329-D71E-4F7F-BB26-ED2268DA1987}.Release|Any CPU.Build.0 = Release|Any CPU
		{EE1CF868-FB5A-4097-BC33-83D4E43379BE}.Debug|Any CPU.ActiveCfg = Debug|Any CPU
		{EE1CF868-FB5A-4097-BC33-83D4E43379BE}.Debug|Any CPU.Build.0 = Debug|Any CPU
		{EE1CF868-FB5A-4097-BC33-83D4E43379BE}.Release|Any CPU.ActiveCfg = Release|Any CPU
		{EE1CF868-FB5A-4097-BC33-83D4E43379BE}.Release|Any CPU.Build.0 = Release|Any CPU
		{D68ADDE4-54B2-4CE6-B614-C3D200989FEA}.Debug|Any CPU.ActiveCfg = Debug|Any CPU
		{D68ADDE4-54B2-4CE6-B614-C3D200989FEA}.Debug|Any CPU.Build.0 = Debug|Any CPU
		{D68ADDE4-54B2-4CE6-B614-C3D200989FEA}.Release|Any CPU.ActiveCfg = Release|Any CPU
		{D68ADDE4-54B2-4CE6-B614-C3D200989FEA}.Release|Any CPU.Build.0 = Release|Any CPU
		{CF57AE4F-A956-4718-BCC7-DF3F1ECC341F}.Debug|Any CPU.ActiveCfg = Debug|Any CPU
		{CF57AE4F-A956-4718-BCC7-DF3F1ECC341F}.Debug|Any CPU.Build.0 = Debug|Any CPU
		{CF57AE4F-A956-4718-BCC7-DF3F1ECC341F}.Release|Any CPU.ActiveCfg = Release|Any CPU
		{CF57AE4F-A956-4718-BCC7-DF3F1ECC341F}.Release|Any CPU.Build.0 = Release|Any CPU
	EndGlobalSection
	GlobalSection(SolutionProperties) = preSolution
		HideSolutionNode = FALSE
	EndGlobalSection
	GlobalSection(NestedProjects) = preSolution
		{B30212DD-0D50-42F2-B028-1B90A624AC63} = {164F983D-AB68-450F-9DBD-7089AA60EBC6}
		{0DBD6414-6DB2-404C-BB13-56D3B5F61A52} = {164F983D-AB68-450F-9DBD-7089AA60EBC6}
		{D68ADDE4-54B2-4CE6-B614-C3D200989FEA} = {164F983D-AB68-450F-9DBD-7089AA60EBC6}
		{CF57AE4F-A956-4718-BCC7-DF3F1ECC341F} = {164F983D-AB68-450F-9DBD-7089AA60EBC6}
	EndGlobalSection
EndGlobal
